
Microsoft Visual Studio Solution File, Format Version 12.00
# Visual Studio 2012
Project("{FAE04EC0-301F-11D3-BF4B-00C04F79EFBC}") = "Layouts", "Layouts\Layouts.csproj", "{AC7FAC2D-2F7B-4A6A-A00C-2B41CC23151E}"
EndProject
Project("{FAE04EC0-301F-11D3-BF4B-00C04F79EFBC}") = "Layouts.iOS", "iOS\Layouts.iOS.csproj", "{613C1454-4F4F-4CC2-99A9-1FBC3F6281D2}"
EndProject
Project("{FAE04EC0-301F-11D3-BF4B-00C04F79EFBC}") = "Layouts.Droid", "Droid\Layouts.Droid.csproj", "{D27E4284-8A75-4BFF-80AF-4EC7AE6DDE4B}"
EndProject
Global
	GlobalSection(SolutionConfigurationPlatforms) = preSolution
		Debug|Any CPU = Debug|Any CPU
		Release|Any CPU = Release|Any CPU
		Debug|iPhoneSimulator = Debug|iPhoneSimulator
		Release|iPhoneSimulator = Release|iPhoneSimulator
		Debug|iPhone = Debug|iPhone
		Release|iPhone = Release|iPhone
		Ad-Hoc|iPhone = Ad-Hoc|iPhone
		AppStore|iPhone = AppStore|iPhone
	EndGlobalSection
	GlobalSection(ProjectConfigurationPlatforms) = postSolution
		{613C1454-4F4F-4CC2-99A9-1FBC3F6281D2}.Ad-Hoc|iPhone.ActiveCfg = Ad-Hoc|iPhone
		{613C1454-4F4F-4CC2-99A9-1FBC3F6281D2}.Ad-Hoc|iPhone.Build.0 = Ad-Hoc|iPhone
		{613C1454-4F4F-4CC2-99A9-1FBC3F6281D2}.AppStore|iPhone.ActiveCfg = AppStore|iPhone
		{613C1454-4F4F-4CC2-99A9-1FBC3F6281D2}.AppStore|iPhone.Build.0 = AppStore|iPhone
		{613C1454-4F4F-4CC2-99A9-1FBC3F6281D2}.Debug|Any CPU.ActiveCfg = Debug|iPhoneSimulator
		{613C1454-4F4F-4CC2-99A9-1FBC3F6281D2}.Debug|Any CPU.Build.0 = Debug|iPhoneSimulator
		{613C1454-4F4F-4CC2-99A9-1FBC3F6281D2}.Debug|iPhone.ActiveCfg = Debug|iPhone
		{613C1454-4F4F-4CC2-99A9-1FBC3F6281D2}.Debug|iPhone.Build.0 = Debug|iPhone
		{613C1454-4F4F-4CC2-99A9-1FBC3F6281D2}.Debug|iPhoneSimulator.ActiveCfg = Debug|iPhoneSimulator
		{613C1454-4F4F-4CC2-99A9-1FBC3F6281D2}.Debug|iPhoneSimulator.Build.0 = Debug|iPhoneSimulator
		{613C1454-4F4F-4CC2-99A9-1FBC3F6281D2}.Release|Any CPU.ActiveCfg = Release|iPhoneSimulator
		{613C1454-4F4F-4CC2-99A9-1FBC3F6281D2}.Release|Any CPU.Build.0 = Release|iPhoneSimulator
		{613C1454-4F4F-4CC2-99A9-1FBC3F6281D2}.Release|iPhone.ActiveCfg = Release|iPhone
		{613C1454-4F4F-4CC2-99A9-1FBC3F6281D2}.Release|iPhone.Build.0 = Release|iPhone
		{613C1454-4F4F-4CC2-99A9-1FBC3F6281D2}.Release|iPhoneSimulator.ActiveCfg = Release|iPhoneSimulator
		{613C1454-4F4F-4CC2-99A9-1FBC3F6281D2}.Release|iPhoneSimulator.Build.0 = Release|iPhoneSimulator
		{AC7FAC2D-2F7B-4A6A-A00C-2B41CC23151E}.Ad-Hoc|iPhone.ActiveCfg = Debug|Any CPU
		{AC7FAC2D-2F7B-4A6A-A00C-2B41CC23151E}.Ad-Hoc|iPhone.Build.0 = Debug|Any CPU
		{AC7FAC2D-2F7B-4A6A-A00C-2B41CC23151E}.AppStore|iPhone.ActiveCfg = Debug|Any CPU
		{AC7FAC2D-2F7B-4A6A-A00C-2B41CC23151E}.AppStore|iPhone.Build.0 = Debug|Any CPU
		{AC7FAC2D-2F7B-4A6A-A00C-2B41CC23151E}.Debug|Any CPU.ActiveCfg = Debug|Any CPU
		{AC7FAC2D-2F7B-4A6A-A00C-2B41CC23151E}.Debug|Any CPU.Build.0 = Debug|Any CPU
		{AC7FAC2D-2F7B-4A6A-A00C-2B41CC23151E}.Debug|iPhone.ActiveCfg = Debug|Any CPU
		{AC7FAC2D-2F7B-4A6A-A00C-2B41CC23151E}.Debug|iPhone.Build.0 = Debug|Any CPU
		{AC7FAC2D-2F7B-4A6A-A00C-2B41CC23151E}.Debug|iPhoneSimulator.ActiveCfg = Debug|Any CPU
		{AC7FAC2D-2F7B-4A6A-A00C-2B41CC23151E}.Debug|iPhoneSimulator.Build.0 = Debug|Any CPU
		{AC7FAC2D-2F7B-4A6A-A00C-2B41CC23151E}.Release|Any CPU.ActiveCfg = Release|Any CPU
		{AC7FAC2D-2F7B-4A6A-A00C-2B41CC23151E}.Release|Any CPU.Build.0 = Release|Any CPU
		{AC7FAC2D-2F7B-4A6A-A00C-2B41CC23151E}.Release|iPhone.ActiveCfg = Release|Any CPU
		{AC7FAC2D-2F7B-4A6A-A00C-2B41CC23151E}.Release|iPhone.Build.0 = Release|Any CPU
		{AC7FAC2D-2F7B-4A6A-A00C-2B41CC23151E}.Release|iPhoneSimulator.ActiveCfg = Release|Any CPU
		{AC7FAC2D-2F7B-4A6A-A00C-2B41CC23151E}.Release|iPhoneSimulator.Build.0 = Release|Any CPU
		{D27E4284-8A75-4BFF-80AF-4EC7AE6DDE4B}.Ad-Hoc|iPhone.ActiveCfg = Release|Any CPU
		{D27E4284-8A75-4BFF-80AF-4EC7AE6DDE4B}.Ad-Hoc|iPhone.Build.0 = Release|Any CPU
		{D27E4284-8A75-4BFF-80AF-4EC7AE6DDE4B}.AppStore|iPhone.ActiveCfg = Release|Any CPU
		{D27E4284-8A75-4BFF-80AF-4EC7AE6DDE4B}.AppStore|iPhone.Build.0 = Release|Any CPU
		{D27E4284-8A75-4BFF-80AF-4EC7AE6DDE4B}.Debug|Any CPU.ActiveCfg = Debug|Any CPU
		{D27E4284-8A75-4BFF-80AF-4EC7AE6DDE4B}.Debug|Any CPU.Build.0 = Debug|Any CPU
		{D27E4284-8A75-4BFF-80AF-4EC7AE6DDE4B}.Debug|iPhone.ActiveCfg = Debug|Any CPU
		{D27E4284-8A75-4BFF-80AF-4EC7AE6DDE4B}.Debug|iPhone.Build.0 = Debug|Any CPU
		{D27E4284-8A75-4BFF-80AF-4EC7AE6DDE4B}.Debug|iPhoneSimulator.ActiveCfg = Debug|Any CPU
		{D27E4284-8A75-4BFF-80AF-4EC7AE6DDE4B}.Debug|iPhoneSimulator.Build.0 = Debug|Any CPU
		{D27E4284-8A75-4BFF-80AF-4EC7AE6DDE4B}.Release|Any CPU.ActiveCfg = Release|Any CPU
		{D27E4284-8A75-4BFF-80AF-4EC7AE6DDE4B}.Release|Any CPU.Build.0 = Release|Any CPU
		{D27E4284-8A75-4BFF-80AF-4EC7AE6DDE4B}.Release|iPhone.ActiveCfg = Release|Any CPU
		{D27E4284-8A75-4BFF-80AF-4EC7AE6DDE4B}.Release|iPhone.Build.0 = Release|Any CPU
		{D27E4284-8A75-4BFF-80AF-4EC7AE6DDE4B}.Release|iPhoneSimulator.ActiveCfg = Release|Any CPU
		{D27E4284-8A75-4BFF-80AF-4EC7AE6DDE4B}.Release|iPhoneSimulator.Build.0 = Release|Any CPU
	EndGlobalSection
EndGlobal
